
Microsoft Visual Studio Solution File, Format Version 12.00
# Visual Studio Version 16
VisualStudioVersion = 16.0.29418.71
MinimumVisualStudioVersion = 10.0.40219.1
Project("{FAE04EC0-301F-11D3-BF4B-00C04F79EFBC}") = "NotificationFunction", "NotificationFunction\NotificationFunction.csproj", "{0BB1E8F8-1D7E-47A4-A674-C9FA2529AECA}"
EndProject
Global
	GlobalSection(SolutionConfigurationPlatforms) = preSolution
		Debug|Any CPU = Debug|Any CPU
		Release|Any CPU = Release|Any CPU
	EndGlobalSection
	GlobalSection(ProjectConfigurationPlatforms) = postSolution
		{0BB1E8F8-1D7E-47A4-A674-C9FA2529AECA}.Debug|Any CPU.ActiveCfg = Debug|Any CPU
		{0BB1E8F8-1D7E-47A4-A674-C9FA2529AECA}.Debug|Any CPU.Build.0 = Debug|Any CPU
		{0BB1E8F8-1D7E-47A4-A674-C9FA2529AECA}.Release|Any CPU.ActiveCfg = Release|Any CPU
		{0BB1E8F8-1D7E-47A4-A674-C9FA2529AECA}.Release|Any CPU.Build.0 = Release|Any CPU
	EndGlobalSection
	GlobalSection(SolutionProperties) = preSolution
		HideSolutionNode = FALSE
	EndGlobalSection
	GlobalSection(ExtensibilityGlobals) = postSolution
		SolutionGuid = {743963DB-8D2A-45CD-99F6-151F50BEB432}
	EndGlobalSection
EndGlobal
